{
  "name": "comdll_test",
  "version": "1.0.0",
  "lockfileVersion": 2,
  "requires": true,
  "packages": {
    "": {
      "name": "comdll_test",
      "version": "1.0.0",
      "license": "ISC",
      "dependencies": {
        "winax": "^3.5.3"
      }
    },
    "node_modules/winax": {
      "version": "3.5.3",
      "resolved": "https://registry.npmjs.org/winax/-/winax-3.5.3.tgz",
      "integrity": "sha512-R2PLw0Yx7eigetLzpEw9XEZa+xBEH1oUo5tVfYJCKflu+g30+2VelihU+fIM701mCZm8XzUDSSEUqmTSXQZnxQ==",
      "hasInstallScript": true,
      "bin": {
        "nodewscript": "NodeWScript.js"
      },
      "engines": {
        "node": ">= 10.0.0"
      }
    }
  },
  "dependencies": {
    "winax": {
      "version": "3.5.3",
      "resolved": "https://registry.npmjs.org/winax/-/winax-3.5.3.tgz",
      "integrity": "sha512-R2PLw0Yx7eigetLzpEw9XEZa+xBEH1oUo5tVfYJCKflu+g30+2VelihU+fIM701mCZm8XzUDSSEUqmTSXQZnxQ=="
    }
  }
}
